
Microsoft Visual Studio Solution File, Format Version 12.00
# Visual Studio 15
VisualStudioVersion = 15.0.28010.2016
MinimumVisualStudioVersion = 10.0.40219.1
Project("{FAE04EC0-301F-11D3-BF4B-00C04F79EFBC}") = "df_envimet_lib", "df_envimet_lib\df_envimet_lib.csproj", "{28173BCD-CA54-4B73-88F0-6BD41D118BE1}"
EndProject
Project("{FAE04EC0-301F-11D3-BF4B-00C04F79EFBC}") = "df_envimet", "df_envimet\df_envimet.csproj", "{E0ADE889-C3DB-46B2-A969-CD4868C8D5ED}"
EndProject
Global
	GlobalSection(SolutionConfigurationPlatforms) = preSolution
		Debug|Any CPU = Debug|Any CPU
		Release|Any CPU = Release|Any CPU
	EndGlobalSection
	GlobalSection(ProjectConfigurationPlatforms) = postSolution
		{28173BCD-CA54-4B73-88F0-6BD41D118BE1}.Debug|Any CPU.ActiveCfg = Debug|Any CPU
		{28173BCD-CA54-4B73-88F0-6BD41D118BE1}.Debug|Any CPU.Build.0 = Debug|Any CPU
		{28173BCD-CA54-4B73-88F0-6BD41D118BE1}.Release|Any CPU.ActiveCfg = Release|Any CPU
		{28173BCD-CA54-4B73-88F0-6BD41D118BE1}.Release|Any CPU.Build.0 = Release|Any CPU
		{E0ADE889-C3DB-46B2-A969-CD4868C8D5ED}.Debug|Any CPU.ActiveCfg = Debug|Any CPU
		{E0ADE889-C3DB-46B2-A969-CD4868C8D5ED}.Debug|Any CPU.Build.0 = Debug|Any CPU
		{E0ADE889-C3DB-46B2-A969-CD4868C8D5ED}.Release|Any CPU.ActiveCfg = Release|Any CPU
		{E0ADE889-C3DB-46B2-A969-CD4868C8D5ED}.Release|Any CPU.Build.0 = Release|Any CPU
	EndGlobalSection
	GlobalSection(SolutionProperties) = preSolution
		HideSolutionNode = FALSE
	EndGlobalSection
	GlobalSection(ExtensibilityGlobals) = postSolution
		SolutionGuid = {AE0170DC-FF74-4330-8FA1-2FD9E3356EA3}
	EndGlobalSection
EndGlobal
